// !$*UTF8*$!
{
	archiveVersion = 1;
	classes = {
	};
	objectVersion = 56;
	objects = {

/* Begin PBXBuildFile section */
		C0719C5E2B73F61000076F95 /* SpringStackView.swift in Sources */ = {isa = PBXBuildFile; fileRef = C0719C5D2B73F61000076F95 /* SpringStackView.swift */; };
		C0AA61282B66DD16008599EF /* Helper.swift in Sources */ = {isa = PBXBuildFile; fileRef = C0AA61272B66DD16008599EF /* Helper.swift */; };
		C0AED6DE2B5AF17E00CC5D03 /* DetailsViewController.swift in Sources */ = {isa = PBXBuildFile; fileRef = C0AED6DD2B5AF17E00CC5D03 /* DetailsViewController.swift */; };
		C0AED6E02B5AF18B00CC5D03 /* DetailsInteractor.swift in Sources */ = {isa = PBXBuildFile; fileRef = C0AED6DF2B5AF18B00CC5D03 /* DetailsInteractor.swift */; };
		C0AED6E22B5AF1B100CC5D03 /* DetailsPresenter.swift in Sources */ = {isa = PBXBuildFile; fileRef = C0AED6E12B5AF1B100CC5D03 /* DetailsPresenter.swift */; };
		C0AED6E42B5AF1BF00CC5D03 /* DetailsRouter.swift in Sources */ = {isa = PBXBuildFile; fileRef = C0AED6E32B5AF1BF00CC5D03 /* DetailsRouter.swift */; };
		C0AED6E62B5AF24F00CC5D03 /* DetailsProtocols.swift in Sources */ = {isa = PBXBuildFile; fileRef = C0AED6E52B5AF24F00CC5D03 /* DetailsProtocols.swift */; };
		C0BDAF602AFB8AAB00EC4E87 /* HomeCollectionViewCell.swift in Sources */ = {isa = PBXBuildFile; fileRef = C0BDAF5F2AFB8AAB00EC4E87 /* HomeCollectionViewCell.swift */; };
		C0BEDF042B39B3270036AC40 /* Alamofire in Frameworks */ = {isa = PBXBuildFile; productRef = C0BEDF032B39B3270036AC40 /* Alamofire */; };
		C0BEDF072B39B3340036AC40 /* SnapKit in Frameworks */ = {isa = PBXBuildFile; productRef = C0BEDF062B39B3340036AC40 /* SnapKit */; };
		C0BEDF0A2B39B3410036AC40 /* Kingfisher in Frameworks */ = {isa = PBXBuildFile; productRef = C0BEDF092B39B3410036AC40 /* Kingfisher */; };
		C0D0B50B2AF65C530050DE2C /* AppDelegate.swift in Sources */ = {isa = PBXBuildFile; fileRef = C0D0B50A2AF65C530050DE2C /* AppDelegate.swift */; };
		C0D0B50D2AF65C530050DE2C /* SceneDelegate.swift in Sources */ = {isa = PBXBuildFile; fileRef = C0D0B50C2AF65C530050DE2C /* SceneDelegate.swift */; };
		C0D0B5142AF65C570050DE2C /* Assets.xcassets in Resources */ = {isa = PBXBuildFile; fileRef = C0D0B5132AF65C570050DE2C /* Assets.xcassets */; };
		C0D0B5172AF65C570050DE2C /* LaunchScreen.storyboard in Resources */ = {isa = PBXBuildFile; fileRef = C0D0B5152AF65C570050DE2C /* LaunchScreen.storyboard */; };
		C0D0B5232AF662870050DE2C /* HomeViewController.swift in Sources */ = {isa = PBXBuildFile; fileRef = C0D0B5222AF662870050DE2C /* HomeViewController.swift */; };
		C0D0B5252AF663510050DE2C /* HomeInteractor.swift in Sources */ = {isa = PBXBuildFile; fileRef = C0D0B5242AF663510050DE2C /* HomeInteractor.swift */; };
		C0D0B5272AF6635D0050DE2C /* HomePresenter.swift in Sources */ = {isa = PBXBuildFile; fileRef = C0D0B5262AF6635D0050DE2C /* HomePresenter.swift */; };
		C0D0B5292AF6636B0050DE2C /* HomeRouter.swift in Sources */ = {isa = PBXBuildFile; fileRef = C0D0B5282AF6636B0050DE2C /* HomeRouter.swift */; };
		C0D0B52B2AF663850050DE2C /* Entity.swift in Sources */ = {isa = PBXBuildFile; fileRef = C0D0B52A2AF663850050DE2C /* Entity.swift */; };
		C0D0B5352AF664600050DE2C /* HomeProtocols.swift in Sources */ = {isa = PBXBuildFile; fileRef = C0D0B5342AF664600050DE2C /* HomeProtocols.swift */; };
		C0D0B5382AF686030050DE2C /* Extensions.swift in Sources */ = {isa = PBXBuildFile; fileRef = C0D0B5372AF686030050DE2C /* Extensions.swift */; };
		C0D0B53B2AF687300050DE2C /* Router.swift in Sources */ = {isa = PBXBuildFile; fileRef = C0D0B53A2AF687300050DE2C /* Router.swift */; };
		C0D0B53D2AF6882E0050DE2C /* NetworkingManager.swift in Sources */ = {isa = PBXBuildFile; fileRef = C0D0B53C2AF6882E0050DE2C /* NetworkingManager.swift */; };
		C0D1DA642B73A3EE00393649 /* MorphingLabel in Frameworks */ = {isa = PBXBuildFile; productRef = C0D1DA632B73A3EE00393649 /* MorphingLabel */; };
		C0D1DAF72B73C2C200393649 /* DesignableImageView.swift in Sources */ = {isa = PBXBuildFile; fileRef = C0D1DAD92B73C2C200393649 /* DesignableImageView.swift */; };
		C0D1DAF82B73C2C200393649 /* KeyboardLayoutConstraint.swift in Sources */ = {isa = PBXBuildFile; fileRef = C0D1DADA2B73C2C200393649 /* KeyboardLayoutConstraint.swift */; };
		C0D1DAF92B73C2C200393649 /* TransitionManager.swift in Sources */ = {isa = PBXBuildFile; fileRef = C0D1DADB2B73C2C200393649 /* TransitionManager.swift */; };
		C0D1DAFA2B73C2C200393649 /* TransitionZoom.swift in Sources */ = {isa = PBXBuildFile; fileRef = C0D1DADC2B73C2C200393649 /* TransitionZoom.swift */; };
		C0D1DAFB2B73C2C200393649 /* ImageLoader.swift in Sources */ = {isa = PBXBuildFile; fileRef = C0D1DADD2B73C2C200393649 /* ImageLoader.swift */; };
		C0D1DAFC2B73C2C200393649 /* Spring.swift in Sources */ = {isa = PBXBuildFile; fileRef = C0D1DADE2B73C2C200393649 /* Spring.swift */; };
		C0D1DAFD2B73C2C200393649 /* SpringImageView.swift in Sources */ = {isa = PBXBuildFile; fileRef = C0D1DADF2B73C2C200393649 /* SpringImageView.swift */; };
		C0D1DAFE2B73C2C200393649 /* DesignableLabel.swift in Sources */ = {isa = PBXBuildFile; fileRef = C0D1DAE02B73C2C200393649 /* DesignableLabel.swift */; };
		C0D1DAFF2B73C2C200393649 /* SoundPlayer.swift in Sources */ = {isa = PBXBuildFile; fileRef = C0D1DAE12B73C2C200393649 /* SoundPlayer.swift */; };
		C0D1DB002B73C2C200393649 /* BlurView.swift in Sources */ = {isa = PBXBuildFile; fileRef = C0D1DAE22B73C2C200393649 /* BlurView.swift */; };
		C0D1DB012B73C2C200393649 /* DesignableTextField.swift in Sources */ = {isa = PBXBuildFile; fileRef = C0D1DAE32B73C2C200393649 /* DesignableTextField.swift */; };
		C0D1DB022B73C2C200393649 /* SpringButton.swift in Sources */ = {isa = PBXBuildFile; fileRef = C0D1DAE42B73C2C200393649 /* SpringButton.swift */; };
		C0D1DB032B73C2C200393649 /* SpringTextView.swift in Sources */ = {isa = PBXBuildFile; fileRef = C0D1DAE52B73C2C200393649 /* SpringTextView.swift */; };
		C0D1DB042B73C2C200393649 /* Misc.swift in Sources */ = {isa = PBXBuildFile; fileRef = C0D1DAE62B73C2C200393649 /* Misc.swift */; };
		C0D1DB052B73C2C200393649 /* SpringView.swift in Sources */ = {isa = PBXBuildFile; fileRef = C0D1DAE72B73C2C200393649 /* SpringView.swift */; };
		C0D1DB062B73C2C200393649 /* DesignableButton.swift in Sources */ = {isa = PBXBuildFile; fileRef = C0D1DAE82B73C2C200393649 /* DesignableButton.swift */; };
		C0D1DB072B73C2C200393649 /* SpringTextField.swift in Sources */ = {isa = PBXBuildFile; fileRef = C0D1DAE92B73C2C200393649 /* SpringTextField.swift */; };
		C0D1DB082B73C2C200393649 /* DesignableView.swift in Sources */ = {isa = PBXBuildFile; fileRef = C0D1DAEA2B73C2C200393649 /* DesignableView.swift */; };
		C0D1DB092B73C2C200393649 /* DesignableTabBarController.swift in Sources */ = {isa = PBXBuildFile; fileRef = C0D1DAEB2B73C2C200393649 /* DesignableTabBarController.swift */; };
		C0D1DB0A2B73C2C200393649 /* AsyncButton.swift in Sources */ = {isa = PBXBuildFile; fileRef = C0D1DAEC2B73C2C200393649 /* AsyncButton.swift */; };
		C0D1DB0B2B73C2C200393649 /* LoadingView.xib in Resources */ = {isa = PBXBuildFile; fileRef = C0D1DAED2B73C2C200393649 /* LoadingView.xib */; };
		C0D1DB0C2B73C2C200393649 /* SpringLabel.swift in Sources */ = {isa = PBXBuildFile; fileRef = C0D1DAEE2B73C2C200393649 /* SpringLabel.swift */; };
		C0D1DB0D2B73C2C200393649 /* DesignableTextView.swift in Sources */ = {isa = PBXBuildFile; fileRef = C0D1DAF02B73C2C200393649 /* DesignableTextView.swift */; };
		C0D1DB0E2B73C2C200393649 /* AutoTextView.swift in Sources */ = {isa = PBXBuildFile; fileRef = C0D1DAF12B73C2C200393649 /* AutoTextView.swift */; };
		C0D1DB0F2B73C2C200393649 /* SpringAnimation.swift in Sources */ = {isa = PBXBuildFile; fileRef = C0D1DAF22B73C2C200393649 /* SpringAnimation.swift */; };
		C0D1DB102B73C2C200393649 /* UnwindSegue.swift in Sources */ = {isa = PBXBuildFile; fileRef = C0D1DAF32B73C2C200393649 /* UnwindSegue.swift */; };
		C0D1DB112B73C2C200393649 /* LoadingView.swift in Sources */ = {isa = PBXBuildFile; fileRef = C0D1DAF42B73C2C200393649 /* LoadingView.swift */; };
		C0D1DB132B73C2C200393649 /* AsyncImageView.swift in Sources */ = {isa = PBXBuildFile; fileRef = C0D1DAF62B73C2C200393649 /* AsyncImageView.swift */; };
/* End PBXBuildFile section */

/* Begin PBXFileReference section */
		C0719C5D2B73F61000076F95 /* SpringStackView.swift */ = {isa = PBXFileReference; lastKnownFileType = sourcecode.swift; path = SpringStackView.swift; sourceTree = "<group>"; };
		C0AA61272B66DD16008599EF /* Helper.swift */ = {isa = PBXFileReference; lastKnownFileType = sourcecode.swift; path = Helper.swift; sourceTree = "<group>"; };
		C0AED6DD2B5AF17E00CC5D03 /* DetailsViewController.swift */ = {isa = PBXFileReference; lastKnownFileType = sourcecode.swift; path = DetailsViewController.swift; sourceTree = "<group>"; };
		C0AED6DF2B5AF18B00CC5D03 /* DetailsInteractor.swift */ = {isa = PBXFileReference; lastKnownFileType = sourcecode.swift; path = DetailsInteractor.swift; sourceTree = "<group>"; };
		C0AED6E12B5AF1B100CC5D03 /* DetailsPresenter.swift */ = {isa = PBXFileReference; lastKnownFileType = sourcecode.swift; path = DetailsPresenter.swift; sourceTree = "<group>"; };
		C0AED6E32B5AF1BF00CC5D03 /* DetailsRouter.swift */ = {isa = PBXFileReference; lastKnownFileType = sourcecode.swift; path = DetailsRouter.swift; sourceTree = "<group>"; };
		C0AED6E52B5AF24F00CC5D03 /* DetailsProtocols.swift */ = {isa = PBXFileReference; lastKnownFileType = sourcecode.swift; path = DetailsProtocols.swift; sourceTree = "<group>"; };
		C0BDAF5F2AFB8AAB00EC4E87 /* HomeCollectionViewCell.swift */ = {isa = PBXFileReference; lastKnownFileType = sourcecode.swift; path = HomeCollectionViewCell.swift; sourceTree = "<group>"; };
		C0D0B5072AF65C530050DE2C /* Countries.app */ = {isa = PBXFileReference; explicitFileType = wrapper.application; includeInIndex = 0; path = Countries.app; sourceTree = BUILT_PRODUCTS_DIR; };
		C0D0B50A2AF65C530050DE2C /* AppDelegate.swift */ = {isa = PBXFileReference; lastKnownFileType = sourcecode.swift; path = AppDelegate.swift; sourceTree = "<group>"; };
		C0D0B50C2AF65C530050DE2C /* SceneDelegate.swift */ = {isa = PBXFileReference; lastKnownFileType = sourcecode.swift; path = SceneDelegate.swift; sourceTree = "<group>"; };
		C0D0B5132AF65C570050DE2C /* Assets.xcassets */ = {isa = PBXFileReference; lastKnownFileType = folder.assetcatalog; path = Assets.xcassets; sourceTree = "<group>"; };
		C0D0B5162AF65C570050DE2C /* Base */ = {isa = PBXFileReference; lastKnownFileType = file.storyboard; name = Base; path = Base.lproj/LaunchScreen.storyboard; sourceTree = "<group>"; };
		C0D0B5182AF65C570050DE2C /* Info.plist */ = {isa = PBXFileReference; lastKnownFileType = text.plist.xml; path = Info.plist; sourceTree = "<group>"; };
		C0D0B5222AF662870050DE2C /* HomeViewController.swift */ = {isa = PBXFileReference; lastKnownFileType = sourcecode.swift; path = HomeViewController.swift; sourceTree = "<group>"; };
		C0D0B5242AF663510050DE2C /* HomeInteractor.swift */ = {isa = PBXFileReference; lastKnownFileType = sourcecode.swift; path = HomeInteractor.swift; sourceTree = "<group>"; };
		C0D0B5262AF6635D0050DE2C /* HomePresenter.swift */ = {isa = PBXFileReference; lastKnownFileType = sourcecode.swift; path = HomePresenter.swift; sourceTree = "<group>"; };
		C0D0B5282AF6636B0050DE2C /* HomeRouter.swift */ = {isa = PBXFileReference; lastKnownFileType = sourcecode.swift; path = HomeRouter.swift; sourceTree = "<group>"; };
		C0D0B52A2AF663850050DE2C /* Entity.swift */ = {isa = PBXFileReference; lastKnownFileType = sourcecode.swift; path = Entity.swift; sourceTree = "<group>"; };
		C0D0B5342AF664600050DE2C /* HomeProtocols.swift */ = {isa = PBXFileReference; lastKnownFileType = sourcecode.swift; path = HomeProtocols.swift; sourceTree = "<group>"; };
		C0D0B5372AF686030050DE2C /* Extensions.swift */ = {isa = PBXFileReference; lastKnownFileType = sourcecode.swift; path = Extensions.swift; sourceTree = "<group>"; };
		C0D0B53A2AF687300050DE2C /* Router.swift */ = {isa = PBXFileReference; lastKnownFileType = sourcecode.swift; path = Router.swift; sourceTree = "<group>"; };
		C0D0B53C2AF6882E0050DE2C /* NetworkingManager.swift */ = {isa = PBXFileReference; lastKnownFileType = sourcecode.swift; path = NetworkingManager.swift; sourceTree = "<group>"; };
		C0D1DAD92B73C2C200393649 /* DesignableImageView.swift */ = {isa = PBXFileReference; fileEncoding = 4; lastKnownFileType = sourcecode.swift; path = DesignableImageView.swift; sourceTree = "<group>"; };
		C0D1DADA2B73C2C200393649 /* KeyboardLayoutConstraint.swift */ = {isa = PBXFileReference; fileEncoding = 4; lastKnownFileType = sourcecode.swift; path = KeyboardLayoutConstraint.swift; sourceTree = "<group>"; };
		C0D1DADB2B73C2C200393649 /* TransitionManager.swift */ = {isa = PBXFileReference; fileEncoding = 4; lastKnownFileType = sourcecode.swift; path = TransitionManager.swift; sourceTree = "<group>"; };
		C0D1DADC2B73C2C200393649 /* TransitionZoom.swift */ = {isa = PBXFileReference; fileEncoding = 4; lastKnownFileType = sourcecode.swift; path = TransitionZoom.swift; sourceTree = "<group>"; };
		C0D1DADD2B73C2C200393649 /* ImageLoader.swift */ = {isa = PBXFileReference; fileEncoding = 4; lastKnownFileType = sourcecode.swift; path = ImageLoader.swift; sourceTree = "<group>"; };
		C0D1DADE2B73C2C200393649 /* Spring.swift */ = {isa = PBXFileReference; fileEncoding = 4; lastKnownFileType = sourcecode.swift; path = Spring.swift; sourceTree = "<group>"; };
		C0D1DADF2B73C2C200393649 /* SpringImageView.swift */ = {isa = PBXFileReference; fileEncoding = 4; lastKnownFileType = sourcecode.swift; path = SpringImageView.swift; sourceTree = "<group>"; };
		C0D1DAE02B73C2C200393649 /* DesignableLabel.swift */ = {isa = PBXFileReference; fileEncoding = 4; lastKnownFileType = sourcecode.swift; path = DesignableLabel.swift; sourceTree = "<group>"; };
		C0D1DAE12B73C2C200393649 /* SoundPlayer.swift */ = {isa = PBXFileReference; fileEncoding = 4; lastKnownFileType = sourcecode.swift; path = SoundPlayer.swift; sourceTree = "<group>"; };
		C0D1DAE22B73C2C200393649 /* BlurView.swift */ = {isa = PBXFileReference; fileEncoding = 4; lastKnownFileType = sourcecode.swift; path = BlurView.swift; sourceTree = "<group>"; };
		C0D1DAE32B73C2C200393649 /* DesignableTextField.swift */ = {isa = PBXFileReference; fileEncoding = 4; lastKnownFileType = sourcecode.swift; path = DesignableTextField.swift; sourceTree = "<group>"; };
		C0D1DAE42B73C2C200393649 /* SpringButton.swift */ = {isa = PBXFileReference; fileEncoding = 4; lastKnownFileType = sourcecode.swift; path = SpringButton.swift; sourceTree = "<group>"; };
		C0D1DAE52B73C2C200393649 /* SpringTextView.swift */ = {isa = PBXFileReference; fileEncoding = 4; lastKnownFileType = sourcecode.swift; path = SpringTextView.swift; sourceTree = "<group>"; };
		C0D1DAE62B73C2C200393649 /* Misc.swift */ = {isa = PBXFileReference; fileEncoding = 4; lastKnownFileType = sourcecode.swift; path = Misc.swift; sourceTree = "<group>"; };
		C0D1DAE72B73C2C200393649 /* SpringView.swift */ = {isa = PBXFileReference; fileEncoding = 4; lastKnownFileType = sourcecode.swift; path = SpringView.swift; sourceTree = "<group>"; };
		C0D1DAE82B73C2C200393649 /* DesignableButton.swift */ = {isa = PBXFileReference; fileEncoding = 4; lastKnownFileType = sourcecode.swift; path = DesignableButton.swift; sourceTree = "<group>"; };
		C0D1DAE92B73C2C200393649 /* SpringTextField.swift */ = {isa = PBXFileReference; fileEncoding = 4; lastKnownFileType = sourcecode.swift; path = SpringTextField.swift; sourceTree = "<group>"; };
		C0D1DAEA2B73C2C200393649 /* DesignableView.swift */ = {isa = PBXFileReference; fileEncoding = 4; lastKnownFileType = sourcecode.swift; path = DesignableView.swift; sourceTree = "<group>"; };
		C0D1DAEB2B73C2C200393649 /* DesignableTabBarController.swift */ = {isa = PBXFileReference; fileEncoding = 4; lastKnownFileType = sourcecode.swift; path = DesignableTabBarController.swift; sourceTree = "<group>"; };
		C0D1DAEC2B73C2C200393649 /* AsyncButton.swift */ = {isa = PBXFileReference; fileEncoding = 4; lastKnownFileType = sourcecode.swift; path = AsyncButton.swift; sourceTree = "<group>"; };
		C0D1DAED2B73C2C200393649 /* LoadingView.xib */ = {isa = PBXFileReference; fileEncoding = 4; lastKnownFileType = file.xib; path = LoadingView.xib; sourceTree = "<group>"; };
		C0D1DAEE2B73C2C200393649 /* SpringLabel.swift */ = {isa = PBXFileReference; fileEncoding = 4; lastKnownFileType = sourcecode.swift; path = SpringLabel.swift; sourceTree = "<group>"; };
		C0D1DAEF2B73C2C200393649 /* Spring.h */ = {isa = PBXFileReference; fileEncoding = 4; lastKnownFileType = sourcecode.c.h; path = Spring.h; sourceTree = "<group>"; };
		C0D1DAF02B73C2C200393649 /* DesignableTextView.swift */ = {isa = PBXFileReference; fileEncoding = 4; lastKnownFileType = sourcecode.swift; path = DesignableTextView.swift; sourceTree = "<group>"; };
		C0D1DAF12B73C2C200393649 /* AutoTextView.swift */ = {isa = PBXFileReference; fileEncoding = 4; lastKnownFileType = sourcecode.swift; path = AutoTextView.swift; sourceTree = "<group>"; };
		C0D1DAF22B73C2C200393649 /* SpringAnimation.swift */ = {isa = PBXFileReference; fileEncoding = 4; lastKnownFileType = sourcecode.swift; path = SpringAnimation.swift; sourceTree = "<group>"; };
		C0D1DAF32B73C2C200393649 /* UnwindSegue.swift */ = {isa = PBXFileReference; fileEncoding = 4; lastKnownFileType = sourcecode.swift; path = UnwindSegue.swift; sourceTree = "<group>"; };
		C0D1DAF42B73C2C200393649 /* LoadingView.swift */ = {isa = PBXFileReference; fileEncoding = 4; lastKnownFileType = sourcecode.swift; path = LoadingView.swift; sourceTree = "<group>"; };
		C0D1DAF62B73C2C200393649 /* AsyncImageView.swift */ = {isa = PBXFileReference; fileEncoding = 4; lastKnownFileType = sourcecode.swift; path = AsyncImageView.swift; sourceTree = "<group>"; };
/* End PBXFileReference section */

/* Begin PBXFrameworksBuildPhase section */
		C0D0B5042AF65C530050DE2C /* Frameworks */ = {
			isa = PBXFrameworksBuildPhase;
			buildActionMask = 2147483647;
			files = (
				C0BEDF0A2B39B3410036AC40 /* Kingfisher in Frameworks */,
				C0D1DA642B73A3EE00393649 /* MorphingLabel in Frameworks */,
				C0BEDF042B39B3270036AC40 /* Alamofire in Frameworks */,
				C0BEDF072B39B3340036AC40 /* SnapKit in Frameworks */,
			);
			runOnlyForDeploymentPostprocessing = 0;
		};
/* End PBXFrameworksBuildPhase section */

/* Begin PBXGroup section */
		C0AA61262B66DCFE008599EF /* Helper */ = {
			isa = PBXGroup;
			children = (
				C0AA61272B66DD16008599EF /* Helper.swift */,
			);
			path = Helper;
			sourceTree = "<group>";
		};
		C0B205D52B5DBB28003993DD /* Views */ = {
			isa = PBXGroup;
			children = (
				C0BDAF5F2AFB8AAB00EC4E87 /* HomeCollectionViewCell.swift */,
			);
			path = Views;
			sourceTree = "<group>";
		};
		C0D0B4FE2AF65C530050DE2C = {
			isa = PBXGroup;
			children = (
				C0D0B5092AF65C530050DE2C /* Countries */,
				C0D0B5082AF65C530050DE2C /* Products */,
			);
			sourceTree = "<group>";
		};
		C0D0B5082AF65C530050DE2C /* Products */ = {
			isa = PBXGroup;
			children = (
				C0D0B5072AF65C530050DE2C /* Countries.app */,
			);
			name = Products;
			sourceTree = "<group>";
		};
		C0D0B5092AF65C530050DE2C /* Countries */ = {
			isa = PBXGroup;
			children = (
				C0D1DAD82B73C2C200393649 /* Spring */,
				C0D0B51E2AF661BF0050DE2C /* Supporting Files */,
				C0AA61262B66DCFE008599EF /* Helper */,
				C0D0B5362AF685EB0050DE2C /* Extensions */,
				C0D0B5392AF687250050DE2C /* Networking */,
				C0D0B51F2AF661E00050DE2C /* Screens */,
				C0B205D52B5DBB28003993DD /* Views */,
				C0D0B5182AF65C570050DE2C /* Info.plist */,
			);
			path = Countries;
			sourceTree = "<group>";
		};
		C0D0B51E2AF661BF0050DE2C /* Supporting Files */ = {
			isa = PBXGroup;
			children = (
				C0D0B50A2AF65C530050DE2C /* AppDelegate.swift */,
				C0D0B50C2AF65C530050DE2C /* SceneDelegate.swift */,
				C0D0B5132AF65C570050DE2C /* Assets.xcassets */,
				C0D0B5152AF65C570050DE2C /* LaunchScreen.storyboard */,
			);
			path = "Supporting Files";
			sourceTree = "<group>";
		};
		C0D0B51F2AF661E00050DE2C /* Screens */ = {
			isa = PBXGroup;
			children = (
				C0D0B5202AF662180050DE2C /* Home */,
				C0D0B5212AF6621C0050DE2C /* Details */,
			);
			path = Screens;
			sourceTree = "<group>";
		};
		C0D0B5202AF662180050DE2C /* Home */ = {
			isa = PBXGroup;
			children = (
				C0D0B5342AF664600050DE2C /* HomeProtocols.swift */,
				C0D0B5222AF662870050DE2C /* HomeViewController.swift */,
				C0D0B5242AF663510050DE2C /* HomeInteractor.swift */,
				C0D0B5262AF6635D0050DE2C /* HomePresenter.swift */,
				C0D0B5282AF6636B0050DE2C /* HomeRouter.swift */,
				C0D0B52A2AF663850050DE2C /* Entity.swift */,
			);
			path = Home;
			sourceTree = "<group>";
		};
		C0D0B5212AF6621C0050DE2C /* Details */ = {
			isa = PBXGroup;
			children = (
				C0AED6E52B5AF24F00CC5D03 /* DetailsProtocols.swift */,
				C0AED6DD2B5AF17E00CC5D03 /* DetailsViewController.swift */,
				C0AED6DF2B5AF18B00CC5D03 /* DetailsInteractor.swift */,
				C0AED6E12B5AF1B100CC5D03 /* DetailsPresenter.swift */,
				C0AED6E32B5AF1BF00CC5D03 /* DetailsRouter.swift */,
			);
			path = Details;
			sourceTree = "<group>";
		};
		C0D0B5362AF685EB0050DE2C /* Extensions */ = {
			isa = PBXGroup;
			children = (
				C0D0B5372AF686030050DE2C /* Extensions.swift */,
			);
			path = Extensions;
			sourceTree = "<group>";
		};
		C0D0B5392AF687250050DE2C /* Networking */ = {
			isa = PBXGroup;
			children = (
				C0D0B53A2AF687300050DE2C /* Router.swift */,
				C0D0B53C2AF6882E0050DE2C /* NetworkingManager.swift */,
			);
			path = Networking;
			sourceTree = "<group>";
		};
		C0D1DAD82B73C2C200393649 /* Spring */ = {
			isa = PBXGroup;
			children = (
				C0D1DAD92B73C2C200393649 /* DesignableImageView.swift */,
				C0D1DADA2B73C2C200393649 /* KeyboardLayoutConstraint.swift */,
				C0D1DADB2B73C2C200393649 /* TransitionManager.swift */,
				C0D1DADC2B73C2C200393649 /* TransitionZoom.swift */,
				C0D1DADD2B73C2C200393649 /* ImageLoader.swift */,
				C0D1DADE2B73C2C200393649 /* Spring.swift */,
				C0D1DADF2B73C2C200393649 /* SpringImageView.swift */,
				C0D1DAE02B73C2C200393649 /* DesignableLabel.swift */,
				C0D1DAE12B73C2C200393649 /* SoundPlayer.swift */,
				C0D1DAE22B73C2C200393649 /* BlurView.swift */,
				C0D1DAE32B73C2C200393649 /* DesignableTextField.swift */,
				C0D1DAE42B73C2C200393649 /* SpringButton.swift */,
				C0D1DAE52B73C2C200393649 /* SpringTextView.swift */,
				C0D1DAE62B73C2C200393649 /* Misc.swift */,
				C0D1DAE72B73C2C200393649 /* SpringView.swift */,
				C0D1DAE82B73C2C200393649 /* DesignableButton.swift */,
				C0D1DAE92B73C2C200393649 /* SpringTextField.swift */,
				C0D1DAEA2B73C2C200393649 /* DesignableView.swift */,
				C0D1DAEB2B73C2C200393649 /* DesignableTabBarController.swift */,
				C0D1DAEC2B73C2C200393649 /* AsyncButton.swift */,
				C0D1DAED2B73C2C200393649 /* LoadingView.xib */,
				C0D1DAEE2B73C2C200393649 /* SpringLabel.swift */,
				C0D1DAEF2B73C2C200393649 /* Spring.h */,
				C0D1DAF02B73C2C200393649 /* DesignableTextView.swift */,
				C0D1DAF12B73C2C200393649 /* AutoTextView.swift */,
				C0D1DAF22B73C2C200393649 /* SpringAnimation.swift */,
				C0D1DAF32B73C2C200393649 /* UnwindSegue.swift */,
				C0D1DAF42B73C2C200393649 /* LoadingView.swift */,
				C0D1DAF62B73C2C200393649 /* AsyncImageView.swift */,
				C0719C5D2B73F61000076F95 /* SpringStackView.swift */,
			);
			name = Spring;
			path = ../../../../Spring/Spring;
			sourceTree = "<group>";
		};
/* End PBXGroup section */

/* Begin PBXNativeTarget section */
		C0D0B5062AF65C530050DE2C /* Countries */ = {
			isa = PBXNativeTarget;
			buildConfigurationList = C0D0B51B2AF65C580050DE2C /* Build configuration list for PBXNativeTarget "Countries" */;
			buildPhases = (
				C0D0B5032AF65C530050DE2C /* Sources */,
				C0D0B5042AF65C530050DE2C /* Frameworks */,
				C0D0B5052AF65C530050DE2C /* Resources */,
			);
			buildRules = (
			);
			dependencies = (
			);
			name = Countries;
			packageProductDependencies = (
				C0BEDF032B39B3270036AC40 /* Alamofire */,
				C0BEDF062B39B3340036AC40 /* SnapKit */,
				C0BEDF092B39B3410036AC40 /* Kingfisher */,
				C0D1DA632B73A3EE00393649 /* MorphingLabel */,
			);
			productName = Countries;
			productReference = C0D0B5072AF65C530050DE2C /* Countries.app */;
			productType = "com.apple.product-type.application";
		};
/* End PBXNativeTarget section */

/* Begin PBXProject section */
		C0D0B4FF2AF65C530050DE2C /* Project object */ = {
			isa = PBXProject;
			attributes = {
				BuildIndependentTargetsInParallel = 1;
				LastSwiftUpdateCheck = 1420;
				LastUpgradeCheck = 1420;
				TargetAttributes = {
					C0D0B5062AF65C530050DE2C = {
						CreatedOnToolsVersion = 14.2;
					};
				};
			};
			buildConfigurationList = C0D0B5022AF65C530050DE2C /* Build configuration list for PBXProject "Countries" */;
			compatibilityVersion = "Xcode 14.0";
			developmentRegion = en;
			hasScannedForEncodings = 0;
			knownRegions = (
				en,
				Base,
			);
			mainGroup = C0D0B4FE2AF65C530050DE2C;
			packageReferences = (
				C0BEDF022B39B3270036AC40 /* XCRemoteSwiftPackageReference "Alamofire" */,
				C0BEDF052B39B3340036AC40 /* XCRemoteSwiftPackageReference "SnapKit" */,
				C0BEDF082B39B3410036AC40 /* XCRemoteSwiftPackageReference "Kingfisher" */,
				C0D1DA622B73A3EE00393649 /* XCRemoteSwiftPackageReference "LTMorphingLabel" */,
			);
			productRefGroup = C0D0B5082AF65C530050DE2C /* Products */;
			projectDirPath = "";
			projectRoot = "";
			targets = (
				C0D0B5062AF65C530050DE2C /* Countries */,
			);
		};
/* End PBXProject section */

/* Begin PBXResourcesBuildPhase section */
		C0D0B5052AF65C530050DE2C /* Resources */ = {
			isa = PBXResourcesBuildPhase;
			buildActionMask = 2147483647;
			files = (
				C0D1DB0B2B73C2C200393649 /* LoadingView.xib in Resources */,
				C0D0B5172AF65C570050DE2C /* LaunchScreen.storyboard in Resources */,
				C0D0B5142AF65C570050DE2C /* Assets.xcassets in Resources */,
			);
			runOnlyForDeploymentPostprocessing = 0;
		};
/* End PBXResourcesBuildPhase section */

/* Begin PBXSourcesBuildPhase section */
		C0D0B5032AF65C530050DE2C /* Sources */ = {
			isa = PBXSourcesBuildPhase;
			buildActionMask = 2147483647;
			files = (
				C0719C5E2B73F61000076F95 /* SpringStackView.swift in Sources */,
				C0D1DB092B73C2C200393649 /* DesignableTabBarController.swift in Sources */,
				C0D0B50B2AF65C530050DE2C /* AppDelegate.swift in Sources */,
				C0D1DB002B73C2C200393649 /* BlurView.swift in Sources */,
				C0AED6E02B5AF18B00CC5D03 /* DetailsInteractor.swift in Sources */,
				C0D1DAFC2B73C2C200393649 /* Spring.swift in Sources */,
				C0AED6E22B5AF1B100CC5D03 /* DetailsPresenter.swift in Sources */,
				C0D1DAFE2B73C2C200393649 /* DesignableLabel.swift in Sources */,
				C0D1DAFA2B73C2C200393649 /* TransitionZoom.swift in Sources */,
				C0D0B5382AF686030050DE2C /* Extensions.swift in Sources */,
				C0D1DB0E2B73C2C200393649 /* AutoTextView.swift in Sources */,
				C0D1DB082B73C2C200393649 /* DesignableView.swift in Sources */,
				C0D1DB022B73C2C200393649 /* SpringButton.swift in Sources */,
				C0D1DB012B73C2C200393649 /* DesignableTextField.swift in Sources */,
				C0D0B53B2AF687300050DE2C /* Router.swift in Sources */,
				C0AA61282B66DD16008599EF /* Helper.swift in Sources */,
				C0AED6E42B5AF1BF00CC5D03 /* DetailsRouter.swift in Sources */,
				C0D1DB0C2B73C2C200393649 /* SpringLabel.swift in Sources */,
				C0D0B5292AF6636B0050DE2C /* HomeRouter.swift in Sources */,
				C0D1DB0D2B73C2C200393649 /* DesignableTextView.swift in Sources */,
				C0D0B52B2AF663850050DE2C /* Entity.swift in Sources */,
				C0D1DAF92B73C2C200393649 /* TransitionManager.swift in Sources */,
				C0AED6E62B5AF24F00CC5D03 /* DetailsProtocols.swift in Sources */,
				C0D1DB062B73C2C200393649 /* DesignableButton.swift in Sources */,
				C0D1DB132B73C2C200393649 /* AsyncImageView.swift in Sources */,
				C0D1DB052B73C2C200393649 /* SpringView.swift in Sources */,
				C0D1DB042B73C2C200393649 /* Misc.swift in Sources */,
				C0D1DB112B73C2C200393649 /* LoadingView.swift in Sources */,
				C0D0B50D2AF65C530050DE2C /* SceneDelegate.swift in Sources */,
				C0D1DAF72B73C2C200393649 /* DesignableImageView.swift in Sources */,
				C0D0B5232AF662870050DE2C /* HomeViewController.swift in Sources */,
				C0D1DAFB2B73C2C200393649 /* ImageLoader.swift in Sources */,
				C0D1DAF82B73C2C200393649 /* KeyboardLayoutConstraint.swift in Sources */,
				C0D0B53D2AF6882E0050DE2C /* NetworkingManager.swift in Sources */,
				C0D0B5272AF6635D0050DE2C /* HomePresenter.swift in Sources */,
				C0D1DB072B73C2C200393649 /* SpringTextField.swift in Sources */,
				C0D0B5252AF663510050DE2C /* HomeInteractor.swift in Sources */,
				C0D1DAFF2B73C2C200393649 /* SoundPlayer.swift in Sources */,
				C0D0B5352AF664600050DE2C /* HomeProtocols.swift in Sources */,
				C0D1DB102B73C2C200393649 /* UnwindSegue.swift in Sources */,
				C0D1DB032B73C2C200393649 /* SpringTextView.swift in Sources */,
				C0D1DAFD2B73C2C200393649 /* SpringImageView.swift in Sources */,
				C0AED6DE2B5AF17E00CC5D03 /* DetailsViewController.swift in Sources */,
				C0D1DB0F2B73C2C200393649 /* SpringAnimation.swift in Sources */,
				C0D1DB0A2B73C2C200393649 /* AsyncButton.swift in Sources */,
				C0BDAF602AFB8AAB00EC4E87 /* HomeCollectionViewCell.swift in Sources */,
			);
			runOnlyForDeploymentPostprocessing = 0;
		};
/* End PBXSourcesBuildPhase section */

/* Begin PBXVariantGroup section */
		C0D0B5152AF65C570050DE2C /* LaunchScreen.storyboard */ = {
			isa = PBXVariantGroup;
			children = (
				C0D0B5162AF65C570050DE2C /* Base */,
			);
			name = LaunchScreen.storyboard;
			sourceTree = "<group>";
		};
/* End PBXVariantGroup section */

/* Begin XCBuildConfiguration section */
		C0D0B5192AF65C570050DE2C /* Debug */ = {
			isa = XCBuildConfiguration;
			buildSettings = {
				ALWAYS_SEARCH_USER_PATHS = NO;
				CLANG_ANALYZER_NONNULL = YES;
				CLANG_ANALYZER_NUMBER_OBJECT_CONVERSION = YES_AGGRESSIVE;
				CLANG_CXX_LANGUAGE_STANDARD = "gnu++20";
				CLANG_ENABLE_MODULES = YES;
				CLANG_ENABLE_OBJC_ARC = YES;
				CLANG_ENABLE_OBJC_WEAK = YES;
				CLANG_WARN_BLOCK_CAPTURE_AUTORELEASING = YES;
				CLANG_WARN_BOOL_CONVERSION = YES;
				CLANG_WARN_COMMA = YES;
				CLANG_WARN_CONSTANT_CONVERSION = YES;
				CLANG_WARN_DEPRECATED_OBJC_IMPLEMENTATIONS = YES;
				CLANG_WARN_DIRECT_OBJC_ISA_USAGE = YES_ERROR;
				CLANG_WARN_DOCUMENTATION_COMMENTS = YES;
				CLANG_WARN_EMPTY_BODY = YES;
				CLANG_WARN_ENUM_CONVERSION = YES;
				CLANG_WARN_INFINITE_RECURSION = YES;
				CLANG_WARN_INT_CONVERSION = YES;
				CLANG_WARN_NON_LITERAL_NULL_CONVERSION = YES;
				CLANG_WARN_OBJC_IMPLICIT_RETAIN_SELF = YES;
				CLANG_WARN_OBJC_LITERAL_CONVERSION = YES;
				CLANG_WARN_OBJC_ROOT_CLASS = YES_ERROR;
				CLANG_WARN_QUOTED_INCLUDE_IN_FRAMEWORK_HEADER = YES;
				CLANG_WARN_RANGE_LOOP_ANALYSIS = YES;
				CLANG_WARN_STRICT_PROTOTYPES = YES;
				CLANG_WARN_SUSPICIOUS_MOVE = YES;
				CLANG_WARN_UNGUARDED_AVAILABILITY = YES_AGGRESSIVE;
				CLANG_WARN_UNREACHABLE_CODE = YES;
				CLANG_WARN__DUPLICATE_METHOD_MATCH = YES;
				COPY_PHASE_STRIP = NO;
				DEBUG_INFORMATION_FORMAT = dwarf;
				ENABLE_STRICT_OBJC_MSGSEND = YES;
				ENABLE_TESTABILITY = YES;
				GCC_C_LANGUAGE_STANDARD = gnu11;
				GCC_DYNAMIC_NO_PIC = NO;
				GCC_NO_COMMON_BLOCKS = YES;
				GCC_OPTIMIZATION_LEVEL = 0;
				GCC_PREPROCESSOR_DEFINITIONS = (
					"DEBUG=1",
					"$(inherited)",
				);
				GCC_WARN_64_TO_32_BIT_CONVERSION = YES;
				GCC_WARN_ABOUT_RETURN_TYPE = YES_ERROR;
				GCC_WARN_UNDECLARED_SELECTOR = YES;
				GCC_WARN_UNINITIALIZED_AUTOS = YES_AGGRESSIVE;
				GCC_WARN_UNUSED_FUNCTION = YES;
				GCC_WARN_UNUSED_VARIABLE = YES;
				IPHONEOS_DEPLOYMENT_TARGET = 16.2;
				MTL_ENABLE_DEBUG_INFO = INCLUDE_SOURCE;
				MTL_FAST_MATH = YES;
				ONLY_ACTIVE_ARCH = YES;
				SDKROOT = iphoneos;
				SWIFT_ACTIVE_COMPILATION_CONDITIONS = DEBUG;
				SWIFT_OPTIMIZATION_LEVEL = "-Onone";
			};
			name = Debug;
		};
		C0D0B51A2AF65C570050DE2C /* Release */ = {
			isa = XCBuildConfiguration;
			buildSettings = {
				ALWAYS_SEARCH_USER_PATHS = NO;
				CLANG_ANALYZER_NONNULL = YES;
				CLANG_ANALYZER_NUMBER_OBJECT_CONVERSION = YES_AGGRESSIVE;
				CLANG_CXX_LANGUAGE_STANDARD = "gnu++20";
				CLANG_ENABLE_MODULES = YES;
				CLANG_ENABLE_OBJC_ARC = YES;
				CLANG_ENABLE_OBJC_WEAK = YES;
				CLANG_WARN_BLOCK_CAPTURE_AUTORELEASING = YES;
				CLANG_WARN_BOOL_CONVERSION = YES;
				CLANG_WARN_COMMA = YES;
				CLANG_WARN_CONSTANT_CONVERSION = YES;
				CLANG_WARN_DEPRECATED_OBJC_IMPLEMENTATIONS = YES;
				CLANG_WARN_DIRECT_OBJC_ISA_USAGE = YES_ERROR;
				CLANG_WARN_DOCUMENTATION_COMMENTS = YES;
				CLANG_WARN_EMPTY_BODY = YES;
				CLANG_WARN_ENUM_CONVERSION = YES;
				CLANG_WARN_INFINITE_RECURSION = YES;
				CLANG_WARN_INT_CONVERSION = YES;
				CLANG_WARN_NON_LITERAL_NULL_CONVERSION = YES;
				CLANG_WARN_OBJC_IMPLICIT_RETAIN_SELF = YES;
				CLANG_WARN_OBJC_LITERAL_CONVERSION = YES;
				CLANG_WARN_OBJC_ROOT_CLASS = YES_ERROR;
				CLANG_WARN_QUOTED_INCLUDE_IN_FRAMEWORK_HEADER = YES;
				CLANG_WARN_RANGE_LOOP_ANALYSIS = YES;
				CLANG_WARN_STRICT_PROTOTYPES = YES;
				CLANG_WARN_SUSPICIOUS_MOVE = YES;
				CLANG_WARN_UNGUARDED_AVAILABILITY = YES_AGGRESSIVE;
				CLANG_WARN_UNREACHABLE_CODE = YES;
				CLANG_WARN__DUPLICATE_METHOD_MATCH = YES;
				COPY_PHASE_STRIP = NO;
				DEBUG_INFORMATION_FORMAT = "dwarf-with-dsym";
				ENABLE_NS_ASSERTIONS = NO;
				ENABLE_STRICT_OBJC_MSGSEND = YES;
				GCC_C_LANGUAGE_STANDARD = gnu11;
				GCC_NO_COMMON_BLOCKS = YES;
				GCC_WARN_64_TO_32_BIT_CONVERSION = YES;
				GCC_WARN_ABOUT_RETURN_TYPE = YES_ERROR;
				GCC_WARN_UNDECLARED_SELECTOR = YES;
				GCC_WARN_UNINITIALIZED_AUTOS = YES_AGGRESSIVE;
				GCC_WARN_UNUSED_FUNCTION = YES;
				GCC_WARN_UNUSED_VARIABLE = YES;
				IPHONEOS_DEPLOYMENT_TARGET = 16.2;
				MTL_ENABLE_DEBUG_INFO = NO;
				MTL_FAST_MATH = YES;
				SDKROOT = iphoneos;
				SWIFT_COMPILATION_MODE = wholemodule;
				SWIFT_OPTIMIZATION_LEVEL = "-O";
				VALIDATE_PRODUCT = YES;
			};
			name = Release;
		};
		C0D0B51C2AF65C580050DE2C /* Debug */ = {
			isa = XCBuildConfiguration;
			buildSettings = {
				ASSETCATALOG_COMPILER_APPICON_NAME = AppIcon;
				ASSETCATALOG_COMPILER_GLOBAL_ACCENT_COLOR_NAME = AccentColor;
				CODE_SIGN_STYLE = Automatic;
				CURRENT_PROJECT_VERSION = 1;
				DEVELOPMENT_TEAM = 9Z5J5Q4MH4;
				GENERATE_INFOPLIST_FILE = YES;
				INFOPLIST_FILE = Countries/Info.plist;
				INFOPLIST_KEY_UIApplicationSupportsIndirectInputEvents = YES;
				INFOPLIST_KEY_UILaunchStoryboardName = LaunchScreen;
				INFOPLIST_KEY_UIMainStoryboardFile = "";
				INFOPLIST_KEY_UISupportedInterfaceOrientations_iPad = "UIInterfaceOrientationPortrait UIInterfaceOrientationPortraitUpsideDown UIInterfaceOrientationLandscapeLeft UIInterfaceOrientationLandscapeRight";
				INFOPLIST_KEY_UISupportedInterfaceOrientations_iPhone = "UIInterfaceOrientationPortrait UIInterfaceOrientationLandscapeLeft UIInterfaceOrientationLandscapeRight";
				IPHONEOS_DEPLOYMENT_TARGET = 14.0;
				LD_RUNPATH_SEARCH_PATHS = (
					"$(inherited)",
					"@executable_path/Frameworks",
				);
				MARKETING_VERSION = 1.0;
				PRODUCT_BUNDLE_IDENTIFIER = info.Countries;
				PRODUCT_NAME = "$(TARGET_NAME)";
				SWIFT_EMIT_LOC_STRINGS = YES;
				SWIFT_VERSION = 5.0;
				TARGETED_DEVICE_FAMILY = "1,2";
			};
			name = Debug;
		};
		C0D0B51D2AF65C580050DE2C /* Release */ = {
			isa = XCBuildConfiguration;
			buildSettings = {
				ASSETCATALOG_COMPILER_APPICON_NAME = AppIcon;
				ASSETCATALOG_COMPILER_GLOBAL_ACCENT_COLOR_NAME = AccentColor;
				CODE_SIGN_STYLE = Automatic;
				CURRENT_PROJECT_VERSION = 1;
				DEVELOPMENT_TEAM = 9Z5J5Q4MH4;
				GENERATE_INFOPLIST_FILE = YES;
				INFOPLIST_FILE = Countries/Info.plist;
				INFOPLIST_KEY_UIApplicationSupportsIndirectInputEvents = YES;
				INFOPLIST_KEY_UILaunchStoryboardName = LaunchScreen;
				INFOPLIST_KEY_UIMainStoryboardFile = "";
				INFOPLIST_KEY_UISupportedInterfaceOrientations_iPad = "UIInterfaceOrientationPortrait UIInterfaceOrientationPortraitUpsideDown UIInterfaceOrientationLandscapeLeft UIInterfaceOrientationLandscapeRight";
				INFOPLIST_KEY_UISupportedInterfaceOrientations_iPhone = "UIInterfaceOrientationPortrait UIInterfaceOrientationLandscapeLeft UIInterfaceOrientationLandscapeRight";
				IPHONEOS_DEPLOYMENT_TARGET = 14.0;
				LD_RUNPATH_SEARCH_PATHS = (
					"$(inherited)",
					"@executable_path/Frameworks",
				);
				MARKETING_VERSION = 1.0;
				PRODUCT_BUNDLE_IDENTIFIER = info.Countries;
				PRODUCT_NAME = "$(TARGET_NAME)";
				SWIFT_EMIT_LOC_STRINGS = YES;
				SWIFT_VERSION = 5.0;
				TARGETED_DEVICE_FAMILY = "1,2";
			};
			name = Release;
		};
/* End XCBuildConfiguration section */

/* Begin XCConfigurationList section */
		C0D0B5022AF65C530050DE2C /* Build configuration list for PBXProject "Countries" */ = {
			isa = XCConfigurationList;
			buildConfigurations = (
				C0D0B5192AF65C570050DE2C /* Debug */,
				C0D0B51A2AF65C570050DE2C /* Release */,
			);
			defaultConfigurationIsVisible = 0;
			defaultConfigurationName = Release;
		};
		C0D0B51B2AF65C580050DE2C /* Build configuration list for PBXNativeTarget "Countries" */ = {
			isa = XCConfigurationList;
			buildConfigurations = (
				C0D0B51C2AF65C580050DE2C /* Debug */,
				C0D0B51D2AF65C580050DE2C /* Release */,
			);
			defaultConfigurationIsVisible = 0;
			defaultConfigurationName = Release;
		};
/* End XCConfigurationList section */

/* Begin XCRemoteSwiftPackageReference section */
		C0BEDF022B39B3270036AC40 /* XCRemoteSwiftPackageReference "Alamofire" */ = {
			isa = XCRemoteSwiftPackageReference;
			repositoryURL = "https://github.com/Alamofire/Alamofire.git";
			requirement = {
				branch = master;
				kind = branch;
			};
		};
		C0BEDF052B39B3340036AC40 /* XCRemoteSwiftPackageReference "SnapKit" */ = {
			isa = XCRemoteSwiftPackageReference;
			repositoryURL = "https://github.com/SnapKit/SnapKit.git";
			requirement = {
				branch = develop;
				kind = branch;
			};
		};
		C0BEDF082B39B3410036AC40 /* XCRemoteSwiftPackageReference "Kingfisher" */ = {
			isa = XCRemoteSwiftPackageReference;
			repositoryURL = "https://github.com/onevcat/Kingfisher";
			requirement = {
				branch = master;
				kind = branch;
			};
		};
		C0D1DA622B73A3EE00393649 /* XCRemoteSwiftPackageReference "LTMorphingLabel" */ = {
			isa = XCRemoteSwiftPackageReference;
			repositoryURL = "https://github.com/lexrus/LTMorphingLabel";
			requirement = {
				kind = upToNextMajorVersion;
				minimumVersion = 0.9.3;
			};
		};
/* End XCRemoteSwiftPackageReference section */

/* Begin XCSwiftPackageProductDependency section */
		C0BEDF032B39B3270036AC40 /* Alamofire */ = {
			isa = XCSwiftPackageProductDependency;
			package = C0BEDF022B39B3270036AC40 /* XCRemoteSwiftPackageReference "Alamofire" */;
			productName = Alamofire;
		};
		C0BEDF062B39B3340036AC40 /* SnapKit */ = {
			isa = XCSwiftPackageProductDependency;
			package = C0BEDF052B39B3340036AC40 /* XCRemoteSwiftPackageReference "SnapKit" */;
			productName = SnapKit;
		};
		C0BEDF092B39B3410036AC40 /* Kingfisher */ = {
			isa = XCSwiftPackageProductDependency;
			package = C0BEDF082B39B3410036AC40 /* XCRemoteSwiftPackageReference "Kingfisher" */;
			productName = Kingfisher;
		};
		C0D1DA632B73A3EE00393649 /* MorphingLabel */ = {
			isa = XCSwiftPackageProductDependency;
			package = C0D1DA622B73A3EE00393649 /* XCRemoteSwiftPackageReference "LTMorphingLabel" */;
			productName = MorphingLabel;
		};
/* End XCSwiftPackageProductDependency section */
	};
	rootObject = C0D0B4FF2AF65C530050DE2C /* Project object */;
}
