// !$*UTF8*$!
{
	archiveVersion = 1;
	classes = {
	};
	objectVersion = 56;
	objects = {

/* Begin PBXBuildFile section */
		C0A5ACF32B768C8D00FE7927 /* CustomLabelView.swift in Sources */ = {isa = PBXBuildFile; fileRef = C0A5ACF22B768C8D00FE7927 /* CustomLabelView.swift */; };
		C0AA61282B66DD16008599EF /* Helper.swift in Sources */ = {isa = PBXBuildFile; fileRef = C0AA61272B66DD16008599EF /* Helper.swift */; };
		C0AED6DE2B5AF17E00CC5D03 /* DetailsViewController.swift in Sources */ = {isa = PBXBuildFile; fileRef = C0AED6DD2B5AF17E00CC5D03 /* DetailsViewController.swift */; };
		C0AED6E02B5AF18B00CC5D03 /* DetailsInteractor.swift in Sources */ = {isa = PBXBuildFile; fileRef = C0AED6DF2B5AF18B00CC5D03 /* DetailsInteractor.swift */; };
		C0AED6E22B5AF1B100CC5D03 /* DetailsPresenter.swift in Sources */ = {isa = PBXBuildFile; fileRef = C0AED6E12B5AF1B100CC5D03 /* DetailsPresenter.swift */; };
		C0AED6E42B5AF1BF00CC5D03 /* DetailsRouter.swift in Sources */ = {isa = PBXBuildFile; fileRef = C0AED6E32B5AF1BF00CC5D03 /* DetailsRouter.swift */; };
		C0AED6E62B5AF24F00CC5D03 /* DetailsProtocols.swift in Sources */ = {isa = PBXBuildFile; fileRef = C0AED6E52B5AF24F00CC5D03 /* DetailsProtocols.swift */; };
		C0BDAF602AFB8AAB00EC4E87 /* HomeCollectionViewCell.swift in Sources */ = {isa = PBXBuildFile; fileRef = C0BDAF5F2AFB8AAB00EC4E87 /* HomeCollectionViewCell.swift */; };
		C0BEDF042B39B3270036AC40 /* Alamofire in Frameworks */ = {isa = PBXBuildFile; productRef = C0BEDF032B39B3270036AC40 /* Alamofire */; };
		C0BEDF072B39B3340036AC40 /* SnapKit in Frameworks */ = {isa = PBXBuildFile; productRef = C0BEDF062B39B3340036AC40 /* SnapKit */; };
		C0BEDF0A2B39B3410036AC40 /* Kingfisher in Frameworks */ = {isa = PBXBuildFile; productRef = C0BEDF092B39B3410036AC40 /* Kingfisher */; };
		C0D0B50B2AF65C530050DE2C /* AppDelegate.swift in Sources */ = {isa = PBXBuildFile; fileRef = C0D0B50A2AF65C530050DE2C /* AppDelegate.swift */; };
		C0D0B50D2AF65C530050DE2C /* SceneDelegate.swift in Sources */ = {isa = PBXBuildFile; fileRef = C0D0B50C2AF65C530050DE2C /* SceneDelegate.swift */; };
		C0D0B5142AF65C570050DE2C /* Assets.xcassets in Resources */ = {isa = PBXBuildFile; fileRef = C0D0B5132AF65C570050DE2C /* Assets.xcassets */; };
		C0D0B5172AF65C570050DE2C /* LaunchScreen.storyboard in Resources */ = {isa = PBXBuildFile; fileRef = C0D0B5152AF65C570050DE2C /* LaunchScreen.storyboard */; };
		C0D0B5232AF662870050DE2C /* HomeViewController.swift in Sources */ = {isa = PBXBuildFile; fileRef = C0D0B5222AF662870050DE2C /* HomeViewController.swift */; };
		C0D0B5252AF663510050DE2C /* HomeInteractor.swift in Sources */ = {isa = PBXBuildFile; fileRef = C0D0B5242AF663510050DE2C /* HomeInteractor.swift */; };
		C0D0B5272AF6635D0050DE2C /* HomePresenter.swift in Sources */ = {isa = PBXBuildFile; fileRef = C0D0B5262AF6635D0050DE2C /* HomePresenter.swift */; };
		C0D0B5292AF6636B0050DE2C /* HomeRouter.swift in Sources */ = {isa = PBXBuildFile; fileRef = C0D0B5282AF6636B0050DE2C /* HomeRouter.swift */; };
		C0D0B52B2AF663850050DE2C /* Entity.swift in Sources */ = {isa = PBXBuildFile; fileRef = C0D0B52A2AF663850050DE2C /* Entity.swift */; };
		C0D0B5352AF664600050DE2C /* HomeProtocols.swift in Sources */ = {isa = PBXBuildFile; fileRef = C0D0B5342AF664600050DE2C /* HomeProtocols.swift */; };
		C0D0B5382AF686030050DE2C /* Extensions.swift in Sources */ = {isa = PBXBuildFile; fileRef = C0D0B5372AF686030050DE2C /* Extensions.swift */; };
		C0D0B53B2AF687300050DE2C /* Router.swift in Sources */ = {isa = PBXBuildFile; fileRef = C0D0B53A2AF687300050DE2C /* Router.swift */; };
		C0D0B53D2AF6882E0050DE2C /* NetworkingManager.swift in Sources */ = {isa = PBXBuildFile; fileRef = C0D0B53C2AF6882E0050DE2C /* NetworkingManager.swift */; };
		F38464752C1B1C3000614451 /* SplashViewController.swift in Sources */ = {isa = PBXBuildFile; fileRef = F38464742C1B1C3000614451 /* SplashViewController.swift */; };
		F38464772C1B1CCA00614451 /* SplashProtocols.swift in Sources */ = {isa = PBXBuildFile; fileRef = F38464762C1B1CCA00614451 /* SplashProtocols.swift */; };
		F384647B2C1B1D5500614451 /* SplashPresenter.swift in Sources */ = {isa = PBXBuildFile; fileRef = F384647A2C1B1D5500614451 /* SplashPresenter.swift */; };
		F384647D2C1B1D9400614451 /* SplashRouter.swift in Sources */ = {isa = PBXBuildFile; fileRef = F384647C2C1B1D9400614451 /* SplashRouter.swift */; };
		F38B8E122C244E5000C222F4 /* String+Extension.swift in Sources */ = {isa = PBXBuildFile; fileRef = F38B8E112C244E5000C222F4 /* String+Extension.swift */; };
		F38B8E142C244E7F00C222F4 /* Double+Extension.swift in Sources */ = {isa = PBXBuildFile; fileRef = F38B8E132C244E7F00C222F4 /* Double+Extension.swift */; };
		F38B8E372C3450FE00C222F4 /* TransitionManager.swift in Sources */ = {isa = PBXBuildFile; fileRef = F38B8E182C3450FD00C222F4 /* TransitionManager.swift */; };
		F38B8E382C3450FE00C222F4 /* TransitionZoom.swift in Sources */ = {isa = PBXBuildFile; fileRef = F38B8E192C3450FD00C222F4 /* TransitionZoom.swift */; };
		F38B8E3A2C3450FE00C222F4 /* Spring.swift in Sources */ = {isa = PBXBuildFile; fileRef = F38B8E1B2C3450FD00C222F4 /* Spring.swift */; };
		F38B8E422C3450FE00C222F4 /* Misc.swift in Sources */ = {isa = PBXBuildFile; fileRef = F38B8E232C3450FD00C222F4 /* Misc.swift */; };
		F38B8E432C3450FE00C222F4 /* SpringView.swift in Sources */ = {isa = PBXBuildFile; fileRef = F38B8E242C3450FD00C222F4 /* SpringView.swift */; };
		F38B8E462C3450FE00C222F4 /* DesignableView.swift in Sources */ = {isa = PBXBuildFile; fileRef = F38B8E272C3450FD00C222F4 /* DesignableView.swift */; };
		F38B8E4A2C3450FE00C222F4 /* SpringLabel.swift in Sources */ = {isa = PBXBuildFile; fileRef = F38B8E2B2C3450FD00C222F4 /* SpringLabel.swift */; };
		F38B8E4B2C3450FE00C222F4 /* SpringScrollView.swift in Sources */ = {isa = PBXBuildFile; fileRef = F38B8E2C2C3450FD00C222F4 /* SpringScrollView.swift */; };
		F38B8E4F2C3450FE00C222F4 /* SpringAnimation.swift in Sources */ = {isa = PBXBuildFile; fileRef = F38B8E312C3450FD00C222F4 /* SpringAnimation.swift */; };
/* End PBXBuildFile section */

/* Begin PBXFileReference section */
		C0A5ACF22B768C8D00FE7927 /* CustomLabelView.swift */ = {isa = PBXFileReference; lastKnownFileType = sourcecode.swift; path = CustomLabelView.swift; sourceTree = "<group>"; };
		C0AA61272B66DD16008599EF /* Helper.swift */ = {isa = PBXFileReference; lastKnownFileType = sourcecode.swift; path = Helper.swift; sourceTree = "<group>"; };
		C0AED6DD2B5AF17E00CC5D03 /* DetailsViewController.swift */ = {isa = PBXFileReference; lastKnownFileType = sourcecode.swift; path = DetailsViewController.swift; sourceTree = "<group>"; };
		C0AED6DF2B5AF18B00CC5D03 /* DetailsInteractor.swift */ = {isa = PBXFileReference; lastKnownFileType = sourcecode.swift; path = DetailsInteractor.swift; sourceTree = "<group>"; };
		C0AED6E12B5AF1B100CC5D03 /* DetailsPresenter.swift */ = {isa = PBXFileReference; lastKnownFileType = sourcecode.swift; path = DetailsPresenter.swift; sourceTree = "<group>"; };
		C0AED6E32B5AF1BF00CC5D03 /* DetailsRouter.swift */ = {isa = PBXFileReference; lastKnownFileType = sourcecode.swift; path = DetailsRouter.swift; sourceTree = "<group>"; };
		C0AED6E52B5AF24F00CC5D03 /* DetailsProtocols.swift */ = {isa = PBXFileReference; lastKnownFileType = sourcecode.swift; path = DetailsProtocols.swift; sourceTree = "<group>"; };
		C0BDAF5F2AFB8AAB00EC4E87 /* HomeCollectionViewCell.swift */ = {isa = PBXFileReference; lastKnownFileType = sourcecode.swift; path = HomeCollectionViewCell.swift; sourceTree = "<group>"; };
		C0D0B5072AF65C530050DE2C /* Countries.app */ = {isa = PBXFileReference; explicitFileType = wrapper.application; includeInIndex = 0; path = Countries.app; sourceTree = BUILT_PRODUCTS_DIR; };
		C0D0B50A2AF65C530050DE2C /* AppDelegate.swift */ = {isa = PBXFileReference; lastKnownFileType = sourcecode.swift; path = AppDelegate.swift; sourceTree = "<group>"; };
		C0D0B50C2AF65C530050DE2C /* SceneDelegate.swift */ = {isa = PBXFileReference; lastKnownFileType = sourcecode.swift; path = SceneDelegate.swift; sourceTree = "<group>"; };
		C0D0B5132AF65C570050DE2C /* Assets.xcassets */ = {isa = PBXFileReference; lastKnownFileType = folder.assetcatalog; path = Assets.xcassets; sourceTree = "<group>"; };
		C0D0B5162AF65C570050DE2C /* Base */ = {isa = PBXFileReference; lastKnownFileType = file.storyboard; name = Base; path = Base.lproj/LaunchScreen.storyboard; sourceTree = "<group>"; };
		C0D0B5182AF65C570050DE2C /* Info.plist */ = {isa = PBXFileReference; lastKnownFileType = text.plist.xml; path = Info.plist; sourceTree = "<group>"; };
		C0D0B5222AF662870050DE2C /* HomeViewController.swift */ = {isa = PBXFileReference; lastKnownFileType = sourcecode.swift; path = HomeViewController.swift; sourceTree = "<group>"; };
		C0D0B5242AF663510050DE2C /* HomeInteractor.swift */ = {isa = PBXFileReference; lastKnownFileType = sourcecode.swift; path = HomeInteractor.swift; sourceTree = "<group>"; };
		C0D0B5262AF6635D0050DE2C /* HomePresenter.swift */ = {isa = PBXFileReference; lastKnownFileType = sourcecode.swift; path = HomePresenter.swift; sourceTree = "<group>"; };
		C0D0B5282AF6636B0050DE2C /* HomeRouter.swift */ = {isa = PBXFileReference; lastKnownFileType = sourcecode.swift; path = HomeRouter.swift; sourceTree = "<group>"; };
		C0D0B52A2AF663850050DE2C /* Entity.swift */ = {isa = PBXFileReference; lastKnownFileType = sourcecode.swift; path = Entity.swift; sourceTree = "<group>"; };
		C0D0B5342AF664600050DE2C /* HomeProtocols.swift */ = {isa = PBXFileReference; lastKnownFileType = sourcecode.swift; path = HomeProtocols.swift; sourceTree = "<group>"; };
		C0D0B5372AF686030050DE2C /* Extensions.swift */ = {isa = PBXFileReference; lastKnownFileType = sourcecode.swift; path = Extensions.swift; sourceTree = "<group>"; };
		C0D0B53A2AF687300050DE2C /* Router.swift */ = {isa = PBXFileReference; lastKnownFileType = sourcecode.swift; path = Router.swift; sourceTree = "<group>"; };
		C0D0B53C2AF6882E0050DE2C /* NetworkingManager.swift */ = {isa = PBXFileReference; lastKnownFileType = sourcecode.swift; path = NetworkingManager.swift; sourceTree = "<group>"; };
		F38464742C1B1C3000614451 /* SplashViewController.swift */ = {isa = PBXFileReference; lastKnownFileType = sourcecode.swift; path = SplashViewController.swift; sourceTree = "<group>"; };
		F38464762C1B1CCA00614451 /* SplashProtocols.swift */ = {isa = PBXFileReference; lastKnownFileType = sourcecode.swift; path = SplashProtocols.swift; sourceTree = "<group>"; };
		F384647A2C1B1D5500614451 /* SplashPresenter.swift */ = {isa = PBXFileReference; lastKnownFileType = sourcecode.swift; path = SplashPresenter.swift; sourceTree = "<group>"; };
		F384647C2C1B1D9400614451 /* SplashRouter.swift */ = {isa = PBXFileReference; lastKnownFileType = sourcecode.swift; path = SplashRouter.swift; sourceTree = "<group>"; };
		F38B8E112C244E5000C222F4 /* String+Extension.swift */ = {isa = PBXFileReference; lastKnownFileType = sourcecode.swift; path = "String+Extension.swift"; sourceTree = "<group>"; };
		F38B8E132C244E7F00C222F4 /* Double+Extension.swift */ = {isa = PBXFileReference; lastKnownFileType = sourcecode.swift; path = "Double+Extension.swift"; sourceTree = "<group>"; };
		F38B8E182C3450FD00C222F4 /* TransitionManager.swift */ = {isa = PBXFileReference; fileEncoding = 4; lastKnownFileType = sourcecode.swift; path = TransitionManager.swift; sourceTree = "<group>"; };
		F38B8E192C3450FD00C222F4 /* TransitionZoom.swift */ = {isa = PBXFileReference; fileEncoding = 4; lastKnownFileType = sourcecode.swift; path = TransitionZoom.swift; sourceTree = "<group>"; };
		F38B8E1B2C3450FD00C222F4 /* Spring.swift */ = {isa = PBXFileReference; fileEncoding = 4; lastKnownFileType = sourcecode.swift; path = Spring.swift; sourceTree = "<group>"; };
		F38B8E232C3450FD00C222F4 /* Misc.swift */ = {isa = PBXFileReference; fileEncoding = 4; lastKnownFileType = sourcecode.swift; path = Misc.swift; sourceTree = "<group>"; };
		F38B8E242C3450FD00C222F4 /* SpringView.swift */ = {isa = PBXFileReference; fileEncoding = 4; lastKnownFileType = sourcecode.swift; path = SpringView.swift; sourceTree = "<group>"; };
		F38B8E272C3450FD00C222F4 /* DesignableView.swift */ = {isa = PBXFileReference; fileEncoding = 4; lastKnownFileType = sourcecode.swift; path = DesignableView.swift; sourceTree = "<group>"; };
		F38B8E2B2C3450FD00C222F4 /* SpringLabel.swift */ = {isa = PBXFileReference; fileEncoding = 4; lastKnownFileType = sourcecode.swift; path = SpringLabel.swift; sourceTree = "<group>"; };
		F38B8E2C2C3450FD00C222F4 /* SpringScrollView.swift */ = {isa = PBXFileReference; fileEncoding = 4; lastKnownFileType = sourcecode.swift; path = SpringScrollView.swift; sourceTree = "<group>"; };
		F38B8E2D2C3450FD00C222F4 /* Spring.h */ = {isa = PBXFileReference; fileEncoding = 4; lastKnownFileType = sourcecode.c.h; path = Spring.h; sourceTree = "<group>"; };
		F38B8E312C3450FD00C222F4 /* SpringAnimation.swift */ = {isa = PBXFileReference; fileEncoding = 4; lastKnownFileType = sourcecode.swift; path = SpringAnimation.swift; sourceTree = "<group>"; };
/* End PBXFileReference section */

/* Begin PBXFrameworksBuildPhase section */
		C0D0B5042AF65C530050DE2C /* Frameworks */ = {
			isa = PBXFrameworksBuildPhase;
			buildActionMask = 2147483647;
			files = (
				C0BEDF0A2B39B3410036AC40 /* Kingfisher in Frameworks */,
				C0BEDF042B39B3270036AC40 /* Alamofire in Frameworks */,
				C0BEDF072B39B3340036AC40 /* SnapKit in Frameworks */,
			);
			runOnlyForDeploymentPostprocessing = 0;
		};
/* End PBXFrameworksBuildPhase section */

/* Begin PBXGroup section */
		C0AA61262B66DCFE008599EF /* Helper */ = {
			isa = PBXGroup;
			children = (
				C0AA61272B66DD16008599EF /* Helper.swift */,
				C0A5ACF22B768C8D00FE7927 /* CustomLabelView.swift */,
			);
			path = Helper;
			sourceTree = "<group>";
		};
		C0B205D52B5DBB28003993DD /* Cells */ = {
			isa = PBXGroup;
			children = (
				C0BDAF5F2AFB8AAB00EC4E87 /* HomeCollectionViewCell.swift */,
			);
			path = Cells;
			sourceTree = "<group>";
		};
		C0D0B4FE2AF65C530050DE2C = {
			isa = PBXGroup;
			children = (
				C0D0B5092AF65C530050DE2C /* Countries */,
				C0D0B5082AF65C530050DE2C /* Products */,
			);
			sourceTree = "<group>";
		};
		C0D0B5082AF65C530050DE2C /* Products */ = {
			isa = PBXGroup;
			children = (
				C0D0B5072AF65C530050DE2C /* Countries.app */,
			);
			name = Products;
			sourceTree = "<group>";
		};
		C0D0B5092AF65C530050DE2C /* Countries */ = {
			isa = PBXGroup;
			children = (
				F38B8E152C3450FD00C222F4 /* Spring */,
				C0D0B51E2AF661BF0050DE2C /* Supporting Files */,
				C0AA61262B66DCFE008599EF /* Helper */,
				C0D0B5362AF685EB0050DE2C /* Extensions */,
				C0D0B5392AF687250050DE2C /* Networking */,
				C0D0B51F2AF661E00050DE2C /* Screens */,
				C0D0B5182AF65C570050DE2C /* Info.plist */,
			);
			path = Countries;
			sourceTree = "<group>";
		};
		C0D0B51E2AF661BF0050DE2C /* Supporting Files */ = {
			isa = PBXGroup;
			children = (
				C0D0B50A2AF65C530050DE2C /* AppDelegate.swift */,
				C0D0B50C2AF65C530050DE2C /* SceneDelegate.swift */,
				C0D0B5132AF65C570050DE2C /* Assets.xcassets */,
				C0D0B5152AF65C570050DE2C /* LaunchScreen.storyboard */,
			);
			path = "Supporting Files";
			sourceTree = "<group>";
		};
		C0D0B51F2AF661E00050DE2C /* Screens */ = {
			isa = PBXGroup;
			children = (
				F38464732C1B1BB900614451 /* Splash */,
				C0D0B5202AF662180050DE2C /* Home */,
				C0D0B5212AF6621C0050DE2C /* Details */,
				C0B205D52B5DBB28003993DD /* Cells */,
			);
			path = Screens;
			sourceTree = "<group>";
		};
		C0D0B5202AF662180050DE2C /* Home */ = {
			isa = PBXGroup;
			children = (
				C0D0B5342AF664600050DE2C /* HomeProtocols.swift */,
				C0D0B5222AF662870050DE2C /* HomeViewController.swift */,
				C0D0B5242AF663510050DE2C /* HomeInteractor.swift */,
				C0D0B5262AF6635D0050DE2C /* HomePresenter.swift */,
				C0D0B5282AF6636B0050DE2C /* HomeRouter.swift */,
				C0D0B52A2AF663850050DE2C /* Entity.swift */,
			);
			path = Home;
			sourceTree = "<group>";
		};
		C0D0B5212AF6621C0050DE2C /* Details */ = {
			isa = PBXGroup;
			children = (
				C0AED6E52B5AF24F00CC5D03 /* DetailsProtocols.swift */,
				C0AED6DD2B5AF17E00CC5D03 /* DetailsViewController.swift */,
				C0AED6DF2B5AF18B00CC5D03 /* DetailsInteractor.swift */,
				C0AED6E12B5AF1B100CC5D03 /* DetailsPresenter.swift */,
				C0AED6E32B5AF1BF00CC5D03 /* DetailsRouter.swift */,
			);
			path = Details;
			sourceTree = "<group>";
		};
		C0D0B5362AF685EB0050DE2C /* Extensions */ = {
			isa = PBXGroup;
			children = (
				C0D0B5372AF686030050DE2C /* Extensions.swift */,
				F38B8E112C244E5000C222F4 /* String+Extension.swift */,
				F38B8E132C244E7F00C222F4 /* Double+Extension.swift */,
			);
			path = Extensions;
			sourceTree = "<group>";
		};
		C0D0B5392AF687250050DE2C /* Networking */ = {
			isa = PBXGroup;
			children = (
				C0D0B53A2AF687300050DE2C /* Router.swift */,
				C0D0B53C2AF6882E0050DE2C /* NetworkingManager.swift */,
			);
			path = Networking;
			sourceTree = "<group>";
		};
		F38464732C1B1BB900614451 /* Splash */ = {
			isa = PBXGroup;
			children = (
				F38464762C1B1CCA00614451 /* SplashProtocols.swift */,
				F38464742C1B1C3000614451 /* SplashViewController.swift */,
				F384647A2C1B1D5500614451 /* SplashPresenter.swift */,
				F384647C2C1B1D9400614451 /* SplashRouter.swift */,
			);
			path = Splash;
			sourceTree = "<group>";
		};
		F38B8E152C3450FD00C222F4 /* Spring */ = {
			isa = PBXGroup;
			children = (
				F38B8E182C3450FD00C222F4 /* TransitionManager.swift */,
				F38B8E192C3450FD00C222F4 /* TransitionZoom.swift */,
				F38B8E1B2C3450FD00C222F4 /* Spring.swift */,
				F38B8E232C3450FD00C222F4 /* Misc.swift */,
				F38B8E242C3450FD00C222F4 /* SpringView.swift */,
				F38B8E272C3450FD00C222F4 /* DesignableView.swift */,
				F38B8E2B2C3450FD00C222F4 /* SpringLabel.swift */,
				F38B8E2C2C3450FD00C222F4 /* SpringScrollView.swift */,
				F38B8E2D2C3450FD00C222F4 /* Spring.h */,
				F38B8E312C3450FD00C222F4 /* SpringAnimation.swift */,
			);
			path = Spring;
			sourceTree = "<group>";
		};
/* End PBXGroup section */

/* Begin PBXNativeTarget section */
		C0D0B5062AF65C530050DE2C /* Countries */ = {
			isa = PBXNativeTarget;
			buildConfigurationList = C0D0B51B2AF65C580050DE2C /* Build configuration list for PBXNativeTarget "Countries" */;
			buildPhases = (
				C0D0B5032AF65C530050DE2C /* Sources */,
				C0D0B5042AF65C530050DE2C /* Frameworks */,
				C0D0B5052AF65C530050DE2C /* Resources */,
			);
			buildRules = (
			);
			dependencies = (
			);
			name = Countries;
			packageProductDependencies = (
				C0BEDF032B39B3270036AC40 /* Alamofire */,
				C0BEDF062B39B3340036AC40 /* SnapKit */,
				C0BEDF092B39B3410036AC40 /* Kingfisher */,
			);
			productName = Countries;
			productReference = C0D0B5072AF65C530050DE2C /* Countries.app */;
			productType = "com.apple.product-type.application";
		};
/* End PBXNativeTarget section */

/* Begin PBXProject section */
		C0D0B4FF2AF65C530050DE2C /* Project object */ = {
			isa = PBXProject;
			attributes = {
				BuildIndependentTargetsInParallel = 1;
				LastSwiftUpdateCheck = 1420;
				LastUpgradeCheck = 1520;
				TargetAttributes = {
					C0D0B5062AF65C530050DE2C = {
						CreatedOnToolsVersion = 14.2;
					};
				};
			};
			buildConfigurationList = C0D0B5022AF65C530050DE2C /* Build configuration list for PBXProject "Countries" */;
			compatibilityVersion = "Xcode 14.0";
			developmentRegion = en;
			hasScannedForEncodings = 0;
			knownRegions = (
				en,
				Base,
			);
			mainGroup = C0D0B4FE2AF65C530050DE2C;
			packageReferences = (
				C0BEDF022B39B3270036AC40 /* XCRemoteSwiftPackageReference "Alamofire" */,
				C0BEDF052B39B3340036AC40 /* XCRemoteSwiftPackageReference "SnapKit" */,
				C0BEDF082B39B3410036AC40 /* XCRemoteSwiftPackageReference "Kingfisher" */,
			);
			productRefGroup = C0D0B5082AF65C530050DE2C /* Products */;
			projectDirPath = "";
			projectRoot = "";
			targets = (
				C0D0B5062AF65C530050DE2C /* Countries */,
			);
		};
/* End PBXProject section */

/* Begin PBXResourcesBuildPhase section */
		C0D0B5052AF65C530050DE2C /* Resources */ = {
			isa = PBXResourcesBuildPhase;
			buildActionMask = 2147483647;
			files = (
				C0D0B5172AF65C570050DE2C /* LaunchScreen.storyboard in Resources */,
				C0D0B5142AF65C570050DE2C /* Assets.xcassets in Resources */,
			);
			runOnlyForDeploymentPostprocessing = 0;
		};
/* End PBXResourcesBuildPhase section */

/* Begin PBXSourcesBuildPhase section */
		C0D0B5032AF65C530050DE2C /* Sources */ = {
			isa = PBXSourcesBuildPhase;
			buildActionMask = 2147483647;
			files = (
				F38464772C1B1CCA00614451 /* SplashProtocols.swift in Sources */,
				C0D0B50B2AF65C530050DE2C /* AppDelegate.swift in Sources */,
				C0AED6E02B5AF18B00CC5D03 /* DetailsInteractor.swift in Sources */,
				C0AED6E22B5AF1B100CC5D03 /* DetailsPresenter.swift in Sources */,
				C0D0B5382AF686030050DE2C /* Extensions.swift in Sources */,
				C0D0B53B2AF687300050DE2C /* Router.swift in Sources */,
				C0AA61282B66DD16008599EF /* Helper.swift in Sources */,
				C0AED6E42B5AF1BF00CC5D03 /* DetailsRouter.swift in Sources */,
				C0D0B5292AF6636B0050DE2C /* HomeRouter.swift in Sources */,
				F38B8E4F2C3450FE00C222F4 /* SpringAnimation.swift in Sources */,
				F38464752C1B1C3000614451 /* SplashViewController.swift in Sources */,
				C0D0B52B2AF663850050DE2C /* Entity.swift in Sources */,
				F38B8E142C244E7F00C222F4 /* Double+Extension.swift in Sources */,
				C0AED6E62B5AF24F00CC5D03 /* DetailsProtocols.swift in Sources */,
				C0D0B50D2AF65C530050DE2C /* SceneDelegate.swift in Sources */,
				C0D0B5232AF662870050DE2C /* HomeViewController.swift in Sources */,
				C0D0B53D2AF6882E0050DE2C /* NetworkingManager.swift in Sources */,
				C0D0B5272AF6635D0050DE2C /* HomePresenter.swift in Sources */,
				F384647D2C1B1D9400614451 /* SplashRouter.swift in Sources */,
				C0D0B5252AF663510050DE2C /* HomeInteractor.swift in Sources */,
				F38B8E382C3450FE00C222F4 /* TransitionZoom.swift in Sources */,
				F38B8E4B2C3450FE00C222F4 /* SpringScrollView.swift in Sources */,
				C0D0B5352AF664600050DE2C /* HomeProtocols.swift in Sources */,
				C0A5ACF32B768C8D00FE7927 /* CustomLabelView.swift in Sources */,
				C0AED6DE2B5AF17E00CC5D03 /* DetailsViewController.swift in Sources */,
				F38B8E122C244E5000C222F4 /* String+Extension.swift in Sources */,
				F38B8E3A2C3450FE00C222F4 /* Spring.swift in Sources */,
				F38B8E372C3450FE00C222F4 /* TransitionManager.swift in Sources */,
				F38B8E432C3450FE00C222F4 /* SpringView.swift in Sources */,
				F38B8E462C3450FE00C222F4 /* DesignableView.swift in Sources */,
				F38B8E422C3450FE00C222F4 /* Misc.swift in Sources */,
				F38B8E4A2C3450FE00C222F4 /* SpringLabel.swift in Sources */,
				C0BDAF602AFB8AAB00EC4E87 /* HomeCollectionViewCell.swift in Sources */,
				F384647B2C1B1D5500614451 /* SplashPresenter.swift in Sources */,
			);
			runOnlyForDeploymentPostprocessing = 0;
		};
/* End PBXSourcesBuildPhase section */

/* Begin PBXVariantGroup section */
		C0D0B5152AF65C570050DE2C /* LaunchScreen.storyboard */ = {
			isa = PBXVariantGroup;
			children = (
				C0D0B5162AF65C570050DE2C /* Base */,
			);
			name = LaunchScreen.storyboard;
			sourceTree = "<group>";
		};
/* End PBXVariantGroup section */

/* Begin XCBuildConfiguration section */
		C0D0B5192AF65C570050DE2C /* Debug */ = {
			isa = XCBuildConfiguration;
			buildSettings = {
				ALWAYS_SEARCH_USER_PATHS = NO;
				ASSETCATALOG_COMPILER_GENERATE_SWIFT_ASSET_SYMBOL_EXTENSIONS = YES;
				CLANG_ANALYZER_NONNULL = YES;
				CLANG_ANALYZER_NUMBER_OBJECT_CONVERSION = YES_AGGRESSIVE;
				CLANG_CXX_LANGUAGE_STANDARD = "gnu++20";
				CLANG_ENABLE_MODULES = YES;
				CLANG_ENABLE_OBJC_ARC = YES;
				CLANG_ENABLE_OBJC_WEAK = YES;
				CLANG_WARN_BLOCK_CAPTURE_AUTORELEASING = YES;
				CLANG_WARN_BOOL_CONVERSION = YES;
				CLANG_WARN_COMMA = YES;
				CLANG_WARN_CONSTANT_CONVERSION = YES;
				CLANG_WARN_DEPRECATED_OBJC_IMPLEMENTATIONS = YES;
				CLANG_WARN_DIRECT_OBJC_ISA_USAGE = YES_ERROR;
				CLANG_WARN_DOCUMENTATION_COMMENTS = YES;
				CLANG_WARN_EMPTY_BODY = YES;
				CLANG_WARN_ENUM_CONVERSION = YES;
				CLANG_WARN_INFINITE_RECURSION = YES;
				CLANG_WARN_INT_CONVERSION = YES;
				CLANG_WARN_NON_LITERAL_NULL_CONVERSION = YES;
				CLANG_WARN_OBJC_IMPLICIT_RETAIN_SELF = YES;
				CLANG_WARN_OBJC_LITERAL_CONVERSION = YES;
				CLANG_WARN_OBJC_ROOT_CLASS = YES_ERROR;
				CLANG_WARN_QUOTED_INCLUDE_IN_FRAMEWORK_HEADER = YES;
				CLANG_WARN_RANGE_LOOP_ANALYSIS = YES;
				CLANG_WARN_STRICT_PROTOTYPES = YES;
				CLANG_WARN_SUSPICIOUS_MOVE = YES;
				CLANG_WARN_UNGUARDED_AVAILABILITY = YES_AGGRESSIVE;
				CLANG_WARN_UNREACHABLE_CODE = YES;
				CLANG_WARN__DUPLICATE_METHOD_MATCH = YES;
				COPY_PHASE_STRIP = NO;
				DEBUG_INFORMATION_FORMAT = dwarf;
				ENABLE_STRICT_OBJC_MSGSEND = YES;
				ENABLE_TESTABILITY = YES;
				ENABLE_USER_SCRIPT_SANDBOXING = YES;
				GCC_C_LANGUAGE_STANDARD = gnu11;
				GCC_DYNAMIC_NO_PIC = NO;
				GCC_NO_COMMON_BLOCKS = YES;
				GCC_OPTIMIZATION_LEVEL = 0;
				GCC_PREPROCESSOR_DEFINITIONS = (
					"DEBUG=1",
					"$(inherited)",
				);
				GCC_WARN_64_TO_32_BIT_CONVERSION = YES;
				GCC_WARN_ABOUT_RETURN_TYPE = YES_ERROR;
				GCC_WARN_UNDECLARED_SELECTOR = YES;
				GCC_WARN_UNINITIALIZED_AUTOS = YES_AGGRESSIVE;
				GCC_WARN_UNUSED_FUNCTION = YES;
				GCC_WARN_UNUSED_VARIABLE = YES;
				IPHONEOS_DEPLOYMENT_TARGET = 15.0;
				MTL_ENABLE_DEBUG_INFO = INCLUDE_SOURCE;
				MTL_FAST_MATH = YES;
				ONLY_ACTIVE_ARCH = YES;
				SDKROOT = iphoneos;
				SWIFT_ACTIVE_COMPILATION_CONDITIONS = DEBUG;
				SWIFT_OPTIMIZATION_LEVEL = "-Onone";
			};
			name = Debug;
		};
		C0D0B51A2AF65C570050DE2C /* Release */ = {
			isa = XCBuildConfiguration;
			buildSettings = {
				ALWAYS_SEARCH_USER_PATHS = NO;
				ASSETCATALOG_COMPILER_GENERATE_SWIFT_ASSET_SYMBOL_EXTENSIONS = YES;
				CLANG_ANALYZER_NONNULL = YES;
				CLANG_ANALYZER_NUMBER_OBJECT_CONVERSION = YES_AGGRESSIVE;
				CLANG_CXX_LANGUAGE_STANDARD = "gnu++20";
				CLANG_ENABLE_MODULES = YES;
				CLANG_ENABLE_OBJC_ARC = YES;
				CLANG_ENABLE_OBJC_WEAK = YES;
				CLANG_WARN_BLOCK_CAPTURE_AUTORELEASING = YES;
				CLANG_WARN_BOOL_CONVERSION = YES;
				CLANG_WARN_COMMA = YES;
				CLANG_WARN_CONSTANT_CONVERSION = YES;
				CLANG_WARN_DEPRECATED_OBJC_IMPLEMENTATIONS = YES;
				CLANG_WARN_DIRECT_OBJC_ISA_USAGE = YES_ERROR;
				CLANG_WARN_DOCUMENTATION_COMMENTS = YES;
				CLANG_WARN_EMPTY_BODY = YES;
				CLANG_WARN_ENUM_CONVERSION = YES;
				CLANG_WARN_INFINITE_RECURSION = YES;
				CLANG_WARN_INT_CONVERSION = YES;
				CLANG_WARN_NON_LITERAL_NULL_CONVERSION = YES;
				CLANG_WARN_OBJC_IMPLICIT_RETAIN_SELF = YES;
				CLANG_WARN_OBJC_LITERAL_CONVERSION = YES;
				CLANG_WARN_OBJC_ROOT_CLASS = YES_ERROR;
				CLANG_WARN_QUOTED_INCLUDE_IN_FRAMEWORK_HEADER = YES;
				CLANG_WARN_RANGE_LOOP_ANALYSIS = YES;
				CLANG_WARN_STRICT_PROTOTYPES = YES;
				CLANG_WARN_SUSPICIOUS_MOVE = YES;
				CLANG_WARN_UNGUARDED_AVAILABILITY = YES_AGGRESSIVE;
				CLANG_WARN_UNREACHABLE_CODE = YES;
				CLANG_WARN__DUPLICATE_METHOD_MATCH = YES;
				COPY_PHASE_STRIP = NO;
				DEBUG_INFORMATION_FORMAT = "dwarf-with-dsym";
				ENABLE_NS_ASSERTIONS = NO;
				ENABLE_STRICT_OBJC_MSGSEND = YES;
				ENABLE_USER_SCRIPT_SANDBOXING = YES;
				GCC_C_LANGUAGE_STANDARD = gnu11;
				GCC_NO_COMMON_BLOCKS = YES;
				GCC_WARN_64_TO_32_BIT_CONVERSION = YES;
				GCC_WARN_ABOUT_RETURN_TYPE = YES_ERROR;
				GCC_WARN_UNDECLARED_SELECTOR = YES;
				GCC_WARN_UNINITIALIZED_AUTOS = YES_AGGRESSIVE;
				GCC_WARN_UNUSED_FUNCTION = YES;
				GCC_WARN_UNUSED_VARIABLE = YES;
				IPHONEOS_DEPLOYMENT_TARGET = 15.0;
				MTL_ENABLE_DEBUG_INFO = NO;
				MTL_FAST_MATH = YES;
				SDKROOT = iphoneos;
				SWIFT_COMPILATION_MODE = wholemodule;
				SWIFT_OPTIMIZATION_LEVEL = "-O";
				VALIDATE_PRODUCT = YES;
			};
			name = Release;
		};
		C0D0B51C2AF65C580050DE2C /* Debug */ = {
			isa = XCBuildConfiguration;
			buildSettings = {
				ASSETCATALOG_COMPILER_APPICON_NAME = AppIcon;
				ASSETCATALOG_COMPILER_GLOBAL_ACCENT_COLOR_NAME = AccentColor;
				CODE_SIGN_STYLE = Automatic;
				CURRENT_PROJECT_VERSION = 1;
				DEVELOPMENT_TEAM = 9Z5J5Q4MH4;
				GENERATE_INFOPLIST_FILE = YES;
				INFOPLIST_FILE = Countries/Info.plist;
				INFOPLIST_KEY_LSApplicationCategoryType = "public.app-category.reference";
				INFOPLIST_KEY_UIApplicationSupportsIndirectInputEvents = YES;
				INFOPLIST_KEY_UILaunchStoryboardName = LaunchScreen.storyboard;
				INFOPLIST_KEY_UIMainStoryboardFile = "";
				INFOPLIST_KEY_UIStatusBarStyle = "";
				INFOPLIST_KEY_UISupportedInterfaceOrientations = UIInterfaceOrientationPortrait;
				INFOPLIST_KEY_UISupportedInterfaceOrientations_iPad = "UIInterfaceOrientationPortrait UIInterfaceOrientationPortraitUpsideDown";
				IPHONEOS_DEPLOYMENT_TARGET = 15.0;
				LD_RUNPATH_SEARCH_PATHS = (
					"$(inherited)",
					"@executable_path/Frameworks",
				);
				MARKETING_VERSION = 1.0;
				PRODUCT_BUNDLE_IDENTIFIER = info.Countries;
				PRODUCT_NAME = "$(TARGET_NAME)";
				SWIFT_EMIT_LOC_STRINGS = YES;
				SWIFT_VERSION = 5.0;
				TARGETED_DEVICE_FAMILY = "1,2";
			};
			name = Debug;
		};
		C0D0B51D2AF65C580050DE2C /* Release */ = {
			isa = XCBuildConfiguration;
			buildSettings = {
				ASSETCATALOG_COMPILER_APPICON_NAME = AppIcon;
				ASSETCATALOG_COMPILER_GLOBAL_ACCENT_COLOR_NAME = AccentColor;
				CODE_SIGN_STYLE = Automatic;
				CURRENT_PROJECT_VERSION = 1;
				DEVELOPMENT_TEAM = 9Z5J5Q4MH4;
				GENERATE_INFOPLIST_FILE = YES;
				INFOPLIST_FILE = Countries/Info.plist;
				INFOPLIST_KEY_LSApplicationCategoryType = "public.app-category.reference";
				INFOPLIST_KEY_UIApplicationSupportsIndirectInputEvents = YES;
				INFOPLIST_KEY_UILaunchStoryboardName = LaunchScreen.storyboard;
				INFOPLIST_KEY_UIMainStoryboardFile = "";
				INFOPLIST_KEY_UIStatusBarStyle = "";
				INFOPLIST_KEY_UISupportedInterfaceOrientations = UIInterfaceOrientationPortrait;
				INFOPLIST_KEY_UISupportedInterfaceOrientations_iPad = "UIInterfaceOrientationPortrait UIInterfaceOrientationPortraitUpsideDown";
				IPHONEOS_DEPLOYMENT_TARGET = 15.0;
				LD_RUNPATH_SEARCH_PATHS = (
					"$(inherited)",
					"@executable_path/Frameworks",
				);
				MARKETING_VERSION = 1.0;
				PRODUCT_BUNDLE_IDENTIFIER = info.Countries;
				PRODUCT_NAME = "$(TARGET_NAME)";
				SWIFT_EMIT_LOC_STRINGS = YES;
				SWIFT_VERSION = 5.0;
				TARGETED_DEVICE_FAMILY = "1,2";
			};
			name = Release;
		};
/* End XCBuildConfiguration section */

/* Begin XCConfigurationList section */
		C0D0B5022AF65C530050DE2C /* Build configuration list for PBXProject "Countries" */ = {
			isa = XCConfigurationList;
			buildConfigurations = (
				C0D0B5192AF65C570050DE2C /* Debug */,
				C0D0B51A2AF65C570050DE2C /* Release */,
			);
			defaultConfigurationIsVisible = 0;
			defaultConfigurationName = Release;
		};
		C0D0B51B2AF65C580050DE2C /* Build configuration list for PBXNativeTarget "Countries" */ = {
			isa = XCConfigurationList;
			buildConfigurations = (
				C0D0B51C2AF65C580050DE2C /* Debug */,
				C0D0B51D2AF65C580050DE2C /* Release */,
			);
			defaultConfigurationIsVisible = 0;
			defaultConfigurationName = Release;
		};
/* End XCConfigurationList section */

/* Begin XCRemoteSwiftPackageReference section */
		C0BEDF022B39B3270036AC40 /* XCRemoteSwiftPackageReference "Alamofire" */ = {
			isa = XCRemoteSwiftPackageReference;
			repositoryURL = "https://github.com/Alamofire/Alamofire.git";
			requirement = {
				branch = master;
				kind = branch;
			};
		};
		C0BEDF052B39B3340036AC40 /* XCRemoteSwiftPackageReference "SnapKit" */ = {
			isa = XCRemoteSwiftPackageReference;
			repositoryURL = "https://github.com/SnapKit/SnapKit.git";
			requirement = {
				branch = develop;
				kind = branch;
			};
		};
		C0BEDF082B39B3410036AC40 /* XCRemoteSwiftPackageReference "Kingfisher" */ = {
			isa = XCRemoteSwiftPackageReference;
			repositoryURL = "https://github.com/onevcat/Kingfisher";
			requirement = {
				branch = master;
				kind = branch;
			};
		};
/* End XCRemoteSwiftPackageReference section */

/* Begin XCSwiftPackageProductDependency section */
		C0BEDF032B39B3270036AC40 /* Alamofire */ = {
			isa = XCSwiftPackageProductDependency;
			package = C0BEDF022B39B3270036AC40 /* XCRemoteSwiftPackageReference "Alamofire" */;
			productName = Alamofire;
		};
		C0BEDF062B39B3340036AC40 /* SnapKit */ = {
			isa = XCSwiftPackageProductDependency;
			package = C0BEDF052B39B3340036AC40 /* XCRemoteSwiftPackageReference "SnapKit" */;
			productName = SnapKit;
		};
		C0BEDF092B39B3410036AC40 /* Kingfisher */ = {
			isa = XCSwiftPackageProductDependency;
			package = C0BEDF082B39B3410036AC40 /* XCRemoteSwiftPackageReference "Kingfisher" */;
			productName = Kingfisher;
		};
/* End XCSwiftPackageProductDependency section */
	};
	rootObject = C0D0B4FF2AF65C530050DE2C /* Project object */;
}
